
Microsoft Visual Studio Solution File, Format Version 12.00
# Visual Studio 15
VisualStudioVersion = 15.0.28307.572
MinimumVisualStudioVersion = 10.0.40219.1
Project("{FAE04EC0-301F-11D3-BF4B-00C04F79EFBC}") = "chat_csharp", "chat_csharp\chat_csharp.csproj", "{6090725E-DA26-4014-83D4-93A77B034719}"
EndProject
Global
	GlobalSection(SolutionConfigurationPlatforms) = preSolution
		Debug|Any CPU = Debug|Any CPU
		Release|Any CPU = Release|Any CPU
	EndGlobalSection
	GlobalSection(ProjectConfigurationPlatforms) = postSolution
		{6090725E-DA26-4014-83D4-93A77B034719}.Debug|Any CPU.ActiveCfg = Debug|Any CPU
		{6090725E-DA26-4014-83D4-93A77B034719}.Debug|Any CPU.Build.0 = Debug|Any CPU
		{6090725E-DA26-4014-83D4-93A77B034719}.Release|Any CPU.ActiveCfg = Release|Any CPU
		{6090725E-DA26-4014-83D4-93A77B034719}.Release|Any CPU.Build.0 = Release|Any CPU
	EndGlobalSection
	GlobalSection(SolutionProperties) = preSolution
		HideSolutionNode = FALSE
	EndGlobalSection
	GlobalSection(ExtensibilityGlobals) = postSolution
		SolutionGuid = {464F97A9-5AF1-41DC-BBDE-F34847E9AA6B}
	EndGlobalSection
EndGlobal
